
Microsoft Visual Studio Solution File, Format Version 12.00
Project("{FAE04EC0-301F-11D3-BF4B-00C04F79EFBC}") = "Core", "src\Core\Core.csproj", "{2F601654-8E99-47ED-9E97-F2E50F50FC42}"
EndProject
Project("{FAE04EC0-301F-11D3-BF4B-00C04F79EFBC}") = "Cli", "src\Cli\Cli.csproj", "{4DFB228D-38E9-4655-B0CB-AB9F2EE7EDCD}"
EndProject
Project("{2150E333-8FDC-42A3-9474-1A3956D46DE8}") = "src", "src", "{C683F0B0-8C4C-4785-8481-BB94E039C8AC}"
EndProject
Global
	GlobalSection(SolutionConfigurationPlatforms) = preSolution
		Debug|Any CPU = Debug|Any CPU
		Release|Any CPU = Release|Any CPU
	EndGlobalSection
	GlobalSection(ProjectConfigurationPlatforms) = postSolution
		{2F601654-8E99-47ED-9E97-F2E50F50FC42}.Debug|Any CPU.ActiveCfg = Debug|Any CPU
		{2F601654-8E99-47ED-9E97-F2E50F50FC42}.Debug|Any CPU.Build.0 = Debug|Any CPU
		{2F601654-8E99-47ED-9E97-F2E50F50FC42}.Release|Any CPU.ActiveCfg = Release|Any CPU
		{2F601654-8E99-47ED-9E97-F2E50F50FC42}.Release|Any CPU.Build.0 = Release|Any CPU
		{4DFB228D-38E9-4655-B0CB-AB9F2EE7EDCD}.Debug|Any CPU.ActiveCfg = Debug|Any CPU
		{4DFB228D-38E9-4655-B0CB-AB9F2EE7EDCD}.Debug|Any CPU.Build.0 = Debug|Any CPU
		{4DFB228D-38E9-4655-B0CB-AB9F2EE7EDCD}.Release|Any CPU.ActiveCfg = Release|Any CPU
		{4DFB228D-38E9-4655-B0CB-AB9F2EE7EDCD}.Release|Any CPU.Build.0 = Release|Any CPU
	EndGlobalSection
	GlobalSection(NestedProjects) = preSolution
		{4DFB228D-38E9-4655-B0CB-AB9F2EE7EDCD} = {C683F0B0-8C4C-4785-8481-BB94E039C8AC}
		{2F601654-8E99-47ED-9E97-F2E50F50FC42} = {C683F0B0-8C4C-4785-8481-BB94E039C8AC}
	EndGlobalSection
EndGlobal
