
Microsoft Visual Studio Solution File, Format Version 12.00
Project("{FAE04EC0-301F-11D3-BF4B-00C04F79EFBC}") = "Cli", "Cli\Cli.csproj", "{5E54E2C0-CEFB-4A71-B1AA-878EA0361B01}"
EndProject
Project("{FAE04EC0-301F-11D3-BF4B-00C04F79EFBC}") = "Core", "Core\Core.csproj", "{29E6546E-A7B9-444A-963F-0195BDEA1F3F}"
EndProject
Project("{2150E333-8FDC-42A3-9474-1A3956D46DE8}") = "src", "src", "{695B65C1-7F37-49D2-9C17-F6A1D1158EE1}"
EndProject
Global
	GlobalSection(SolutionConfigurationPlatforms) = preSolution
		Debug|Any CPU = Debug|Any CPU
		Release|Any CPU = Release|Any CPU
	EndGlobalSection
	GlobalSection(ProjectConfigurationPlatforms) = postSolution
		{5E54E2C0-CEFB-4A71-B1AA-878EA0361B01}.Debug|Any CPU.ActiveCfg = Debug|Any CPU
		{5E54E2C0-CEFB-4A71-B1AA-878EA0361B01}.Debug|Any CPU.Build.0 = Debug|Any CPU
		{5E54E2C0-CEFB-4A71-B1AA-878EA0361B01}.Release|Any CPU.ActiveCfg = Release|Any CPU
		{5E54E2C0-CEFB-4A71-B1AA-878EA0361B01}.Release|Any CPU.Build.0 = Release|Any CPU
		{29E6546E-A7B9-444A-963F-0195BDEA1F3F}.Debug|Any CPU.ActiveCfg = Debug|Any CPU
		{29E6546E-A7B9-444A-963F-0195BDEA1F3F}.Debug|Any CPU.Build.0 = Debug|Any CPU
		{29E6546E-A7B9-444A-963F-0195BDEA1F3F}.Release|Any CPU.ActiveCfg = Release|Any CPU
		{29E6546E-A7B9-444A-963F-0195BDEA1F3F}.Release|Any CPU.Build.0 = Release|Any CPU
	EndGlobalSection
	GlobalSection(NestedProjects) = preSolution
		{5E54E2C0-CEFB-4A71-B1AA-878EA0361B01} = {695B65C1-7F37-49D2-9C17-F6A1D1158EE1}
		{29E6546E-A7B9-444A-963F-0195BDEA1F3F} = {695B65C1-7F37-49D2-9C17-F6A1D1158EE1}
	EndGlobalSection
EndGlobal
